// !$*UTF8*$!
{
	archiveVersion = 1;
	classes = {
	};
	objectVersion = 46;
	objects = {

/* Begin PBXBuildFile section */
		FD24861A1D1083BA00583C53 /* UITimerLabel.swift in Sources */ = {isa = PBXBuildFile; fileRef = FD2486191D1083BA00583C53 /* UITimerLabel.swift */; };
		FD26B7C81D09A0A200A8CC72 /* UserSettings.swift in Sources */ = {isa = PBXBuildFile; fileRef = FD26B7C71D09A0A200A8CC72 /* UserSettings.swift */; };
		FD26B7CA1D09A1DA00A8CC72 /* SettingsViewController.swift in Sources */ = {isa = PBXBuildFile; fileRef = FD26B7C91D09A1DA00A8CC72 /* SettingsViewController.swift */; };
		FD26B7CC1D0A1B6C00A8CC72 /* WatchConnectivity.framework in Frameworks */ = {isa = PBXBuildFile; fileRef = FD26B7CB1D0A1B6C00A8CC72 /* WatchConnectivity.framework */; };
		FD3D190D1D04860D00F53BFA /* TimerEnums.swift in Sources */ = {isa = PBXBuildFile; fileRef = FD3D190C1D04860D00F53BFA /* TimerEnums.swift */; };
		FD3D193C1D08A09200F53BFA /* Interface.storyboard in Resources */ = {isa = PBXBuildFile; fileRef = FD3D193A1D08A09200F53BFA /* Interface.storyboard */; };
		FD3D193E1D08A09200F53BFA /* Assets.xcassets in Resources */ = {isa = PBXBuildFile; fileRef = FD3D193D1D08A09200F53BFA /* Assets.xcassets */; };
		FD3D19451D08A09200F53BFA /* BlueTime Watch Extension.appex in Embed App Extensions */ = {isa = PBXBuildFile; fileRef = FD3D19441D08A09200F53BFA /* BlueTime Watch Extension.appex */; settings = {ATTRIBUTES = (RemoveHeadersOnCopy, ); }; };
		FD3D194A1D08A09200F53BFA /* InterfaceController.swift in Sources */ = {isa = PBXBuildFile; fileRef = FD3D19491D08A09200F53BFA /* InterfaceController.swift */; };
		FD3D194C1D08A09200F53BFA /* ExtensionDelegate.swift in Sources */ = {isa = PBXBuildFile; fileRef = FD3D194B1D08A09200F53BFA /* ExtensionDelegate.swift */; };
		FD3D194E1D08A09200F53BFA /* Assets.xcassets in Resources */ = {isa = PBXBuildFile; fileRef = FD3D194D1D08A09200F53BFA /* Assets.xcassets */; };
		FD3D19521D08A09200F53BFA /* BlueTime Watch.app in Embed Watch Content */ = {isa = PBXBuildFile; fileRef = FD3D19381D08A09200F53BFA /* BlueTime Watch.app */; };
		FD9EFFB21CFCCB6500BDBCA7 /* AppDelegate.swift in Sources */ = {isa = PBXBuildFile; fileRef = FD9EFFB11CFCCB6500BDBCA7 /* AppDelegate.swift */; };
		FD9EFFB71CFCCB6500BDBCA7 /* Main.storyboard in Resources */ = {isa = PBXBuildFile; fileRef = FD9EFFB51CFCCB6500BDBCA7 /* Main.storyboard */; };
		FD9EFFB91CFCCB6500BDBCA7 /* Assets.xcassets in Resources */ = {isa = PBXBuildFile; fileRef = FD9EFFB81CFCCB6500BDBCA7 /* Assets.xcassets */; };
		FD9EFFBC1CFCCB6500BDBCA7 /* LaunchScreen.storyboard in Resources */ = {isa = PBXBuildFile; fileRef = FD9EFFBA1CFCCB6500BDBCA7 /* LaunchScreen.storyboard */; };
		FD9EFFC41CFCD3B100BDBCA7 /* TimerViewController.swift in Sources */ = {isa = PBXBuildFile; fileRef = FD9EFFC31CFCD3B100BDBCA7 /* TimerViewController.swift */; };
		FD9EFFC81CFCD7D800BDBCA7 /* MultipeerConnectivity.framework in Frameworks */ = {isa = PBXBuildFile; fileRef = FD9EFFC71CFCD7D800BDBCA7 /* MultipeerConnectivity.framework */; };
		FD9EFFCA1CFCF8F000BDBCA7 /* TimeServiceManager.swift in Sources */ = {isa = PBXBuildFile; fileRef = FD9EFFC91CFCF8F000BDBCA7 /* TimeServiceManager.swift */; };
		FD9EFFCC1D00A24D00BDBCA7 /* TimerButton.swift in Sources */ = {isa = PBXBuildFile; fileRef = FD9EFFCB1D00A24D00BDBCA7 /* TimerButton.swift */; };
/* End PBXBuildFile section */

/* Begin PBXContainerItemProxy section */
		FD3D19461D08A09200F53BFA /* PBXContainerItemProxy */ = {
			isa = PBXContainerItemProxy;
			containerPortal = FD9EFFA61CFCCB6500BDBCA7 /* Project object */;
			proxyType = 1;
			remoteGlobalIDString = FD3D19431D08A09200F53BFA;
			remoteInfo = "BlueTime Watch Extension";
		};
		FD3D19501D08A09200F53BFA /* PBXContainerItemProxy */ = {
			isa = PBXContainerItemProxy;
			containerPortal = FD9EFFA61CFCCB6500BDBCA7 /* Project object */;
			proxyType = 1;
			remoteGlobalIDString = FD3D19371D08A09200F53BFA;
			remoteInfo = "BlueTime Watch";
		};
/* End PBXContainerItemProxy section */

/* Begin PBXCopyFilesBuildPhase section */
		FD3D19581D08A09200F53BFA /* Embed App Extensions */ = {
			isa = PBXCopyFilesBuildPhase;
			buildActionMask = 2147483647;
			dstPath = "";
			dstSubfolderSpec = 13;
			files = (
				FD3D19451D08A09200F53BFA /* BlueTime Watch Extension.appex in Embed App Extensions */,
			);
			name = "Embed App Extensions";
			runOnlyForDeploymentPostprocessing = 0;
		};
		FD3D195A1D08A09200F53BFA /* Embed Watch Content */ = {
			isa = PBXCopyFilesBuildPhase;
			buildActionMask = 2147483647;
			dstPath = "$(CONTENTS_FOLDER_PATH)/Watch";
			dstSubfolderSpec = 16;
			files = (
				FD3D19521D08A09200F53BFA /* BlueTime Watch.app in Embed Watch Content */,
			);
			name = "Embed Watch Content";
			runOnlyForDeploymentPostprocessing = 0;
		};
/* End PBXCopyFilesBuildPhase section */

/* Begin PBXFileReference section */
		FD2486191D1083BA00583C53 /* UITimerLabel.swift */ = {isa = PBXFileReference; fileEncoding = 4; lastKnownFileType = sourcecode.swift; path = UITimerLabel.swift; sourceTree = "<group>"; };
		FD24861B1D10861000583C53 /* ViewController.swift */ = {isa = PBXFileReference; fileEncoding = 4; lastKnownFileType = sourcecode.swift; path = ViewController.swift; sourceTree = "<group>"; };
		FD26B7C71D09A0A200A8CC72 /* UserSettings.swift */ = {isa = PBXFileReference; fileEncoding = 4; lastKnownFileType = sourcecode.swift; path = UserSettings.swift; sourceTree = "<group>"; };
		FD26B7C91D09A1DA00A8CC72 /* SettingsViewController.swift */ = {isa = PBXFileReference; fileEncoding = 4; lastKnownFileType = sourcecode.swift; path = SettingsViewController.swift; sourceTree = "<group>"; };
		FD26B7CB1D0A1B6C00A8CC72 /* WatchConnectivity.framework */ = {isa = PBXFileReference; lastKnownFileType = wrapper.framework; name = WatchConnectivity.framework; path = System/Library/Frameworks/WatchConnectivity.framework; sourceTree = SDKROOT; };
		FD3D190C1D04860D00F53BFA /* TimerEnums.swift */ = {isa = PBXFileReference; fileEncoding = 4; lastKnownFileType = sourcecode.swift; path = TimerEnums.swift; sourceTree = "<group>"; };
		FD3D19381D08A09200F53BFA /* BlueTime Watch.app */ = {isa = PBXFileReference; explicitFileType = wrapper.application; includeInIndex = 0; path = "BlueTime Watch.app"; sourceTree = BUILT_PRODUCTS_DIR; };
		FD3D193B1D08A09200F53BFA /* Base */ = {isa = PBXFileReference; lastKnownFileType = file.storyboard; name = Base; path = Base.lproj/Interface.storyboard; sourceTree = "<group>"; };
		FD3D193D1D08A09200F53BFA /* Assets.xcassets */ = {isa = PBXFileReference; lastKnownFileType = folder.assetcatalog; path = Assets.xcassets; sourceTree = "<group>"; };
		FD3D193F1D08A09200F53BFA /* Info.plist */ = {isa = PBXFileReference; lastKnownFileType = text.plist.xml; path = Info.plist; sourceTree = "<group>"; };
		FD3D19441D08A09200F53BFA /* BlueTime Watch Extension.appex */ = {isa = PBXFileReference; explicitFileType = "wrapper.app-extension"; includeInIndex = 0; path = "BlueTime Watch Extension.appex"; sourceTree = BUILT_PRODUCTS_DIR; };
		FD3D19491D08A09200F53BFA /* InterfaceController.swift */ = {isa = PBXFileReference; lastKnownFileType = sourcecode.swift; path = InterfaceController.swift; sourceTree = "<group>"; };
		FD3D194B1D08A09200F53BFA /* ExtensionDelegate.swift */ = {isa = PBXFileReference; lastKnownFileType = sourcecode.swift; path = ExtensionDelegate.swift; sourceTree = "<group>"; };
		FD3D194D1D08A09200F53BFA /* Assets.xcassets */ = {isa = PBXFileReference; lastKnownFileType = folder.assetcatalog; path = Assets.xcassets; sourceTree = "<group>"; };
		FD3D194F1D08A09200F53BFA /* Info.plist */ = {isa = PBXFileReference; lastKnownFileType = text.plist.xml; path = Info.plist; sourceTree = "<group>"; };
		FD9EFFAE1CFCCB6500BDBCA7 /* KITime BT.app */ = {isa = PBXFileReference; explicitFileType = wrapper.application; includeInIndex = 0; path = "KITime BT.app"; sourceTree = BUILT_PRODUCTS_DIR; };
		FD9EFFB11CFCCB6500BDBCA7 /* AppDelegate.swift */ = {isa = PBXFileReference; lastKnownFileType = sourcecode.swift; path = AppDelegate.swift; sourceTree = "<group>"; };
		FD9EFFB61CFCCB6500BDBCA7 /* Base */ = {isa = PBXFileReference; lastKnownFileType = file.storyboard; name = Base; path = Base.lproj/Main.storyboard; sourceTree = "<group>"; };
		FD9EFFB81CFCCB6500BDBCA7 /* Assets.xcassets */ = {isa = PBXFileReference; lastKnownFileType = folder.assetcatalog; path = Assets.xcassets; sourceTree = "<group>"; };
		FD9EFFBB1CFCCB6500BDBCA7 /* Base */ = {isa = PBXFileReference; lastKnownFileType = file.storyboard; name = Base; path = Base.lproj/LaunchScreen.storyboard; sourceTree = "<group>"; };
		FD9EFFBD1CFCCB6500BDBCA7 /* Info.plist */ = {isa = PBXFileReference; lastKnownFileType = text.plist.xml; path = Info.plist; sourceTree = "<group>"; };
		FD9EFFC31CFCD3B100BDBCA7 /* TimerViewController.swift */ = {isa = PBXFileReference; fileEncoding = 4; lastKnownFileType = sourcecode.swift; path = TimerViewController.swift; sourceTree = "<group>"; };
		FD9EFFC71CFCD7D800BDBCA7 /* MultipeerConnectivity.framework */ = {isa = PBXFileReference; lastKnownFileType = wrapper.framework; name = MultipeerConnectivity.framework; path = System/Library/Frameworks/MultipeerConnectivity.framework; sourceTree = SDKROOT; };
		FD9EFFC91CFCF8F000BDBCA7 /* TimeServiceManager.swift */ = {isa = PBXFileReference; fileEncoding = 4; lastKnownFileType = sourcecode.swift; path = TimeServiceManager.swift; sourceTree = "<group>"; };
		FD9EFFCB1D00A24D00BDBCA7 /* TimerButton.swift */ = {isa = PBXFileReference; fileEncoding = 4; lastKnownFileType = sourcecode.swift; path = TimerButton.swift; sourceTree = "<group>"; };
/* End PBXFileReference section */

/* Begin PBXFrameworksBuildPhase section */
		FD3D19411D08A09200F53BFA /* Frameworks */ = {
			isa = PBXFrameworksBuildPhase;
			buildActionMask = 2147483647;
			files = (
			);
			runOnlyForDeploymentPostprocessing = 0;
		};
		FD9EFFAB1CFCCB6500BDBCA7 /* Frameworks */ = {
			isa = PBXFrameworksBuildPhase;
			buildActionMask = 2147483647;
			files = (
				FD26B7CC1D0A1B6C00A8CC72 /* WatchConnectivity.framework in Frameworks */,
				FD9EFFC81CFCD7D800BDBCA7 /* MultipeerConnectivity.framework in Frameworks */,
			);
			runOnlyForDeploymentPostprocessing = 0;
		};
/* End PBXFrameworksBuildPhase section */

/* Begin PBXGroup section */
		FD3D19391D08A09200F53BFA /* BlueTime Watch */ = {
			isa = PBXGroup;
			children = (
				FD3D193A1D08A09200F53BFA /* Interface.storyboard */,
				FD3D193D1D08A09200F53BFA /* Assets.xcassets */,
				FD3D193F1D08A09200F53BFA /* Info.plist */,
			);
			path = "BlueTime Watch";
			sourceTree = "<group>";
		};
		FD3D19481D08A09200F53BFA /* BlueTime Watch Extension */ = {
			isa = PBXGroup;
			children = (
				FD3D19491D08A09200F53BFA /* InterfaceController.swift */,
				FD3D194B1D08A09200F53BFA /* ExtensionDelegate.swift */,
				FD3D194D1D08A09200F53BFA /* Assets.xcassets */,
				FD3D194F1D08A09200F53BFA /* Info.plist */,
			);
			path = "BlueTime Watch Extension";
			sourceTree = "<group>";
		};
		FD9EFFA51CFCCB6500BDBCA7 = {
			isa = PBXGroup;
			children = (
				FD26B7CB1D0A1B6C00A8CC72 /* WatchConnectivity.framework */,
				FD9EFFC71CFCD7D800BDBCA7 /* MultipeerConnectivity.framework */,
				FD9EFFB01CFCCB6500BDBCA7 /* KITime BT */,
				FD3D19391D08A09200F53BFA /* BlueTime Watch */,
				FD3D19481D08A09200F53BFA /* BlueTime Watch Extension */,
				FD9EFFAF1CFCCB6500BDBCA7 /* Products */,
			);
			sourceTree = "<group>";
		};
		FD9EFFAF1CFCCB6500BDBCA7 /* Products */ = {
			isa = PBXGroup;
			children = (
				FD9EFFAE1CFCCB6500BDBCA7 /* KITime BT.app */,
				FD3D19381D08A09200F53BFA /* BlueTime Watch.app */,
				FD3D19441D08A09200F53BFA /* BlueTime Watch Extension.appex */,
			);
			name = Products;
			sourceTree = "<group>";
		};
		FD9EFFB01CFCCB6500BDBCA7 /* KITime BT */ = {
			isa = PBXGroup;
			children = (
				FD9EFFB11CFCCB6500BDBCA7 /* AppDelegate.swift */,
				FD3D190C1D04860D00F53BFA /* TimerEnums.swift */,
				FD9EFFC31CFCD3B100BDBCA7 /* TimerViewController.swift */,
				FD24861B1D10861000583C53 /* ViewController.swift */,
				FD26B7C91D09A1DA00A8CC72 /* SettingsViewController.swift */,
				FD9EFFC91CFCF8F000BDBCA7 /* TimeServiceManager.swift */,
				FD9EFFCB1D00A24D00BDBCA7 /* TimerButton.swift */,
				FD26B7C71D09A0A200A8CC72 /* UserSettings.swift */,
				FD2486191D1083BA00583C53 /* UITimerLabel.swift */,
				FD9EFFB51CFCCB6500BDBCA7 /* Main.storyboard */,
				FD9EFFB81CFCCB6500BDBCA7 /* Assets.xcassets */,
				FD9EFFBA1CFCCB6500BDBCA7 /* LaunchScreen.storyboard */,
				FD9EFFBD1CFCCB6500BDBCA7 /* Info.plist */,
			);
			path = "KITime BT";
			sourceTree = "<group>";
		};
/* End PBXGroup section */

/* Begin PBXNativeTarget section */
		FD3D19371D08A09200F53BFA /* BlueTime Watch */ = {
			isa = PBXNativeTarget;
			buildConfigurationList = FD3D19591D08A09200F53BFA /* Build configuration list for PBXNativeTarget "BlueTime Watch" */;
			buildPhases = (
				FD3D19361D08A09200F53BFA /* Resources */,
				FD3D19581D08A09200F53BFA /* Embed App Extensions */,
			);
			buildRules = (
			);
			dependencies = (
				FD3D19471D08A09200F53BFA /* PBXTargetDependency */,
			);
			name = "BlueTime Watch";
			productName = "BlueTime Watch";
			productReference = FD3D19381D08A09200F53BFA /* BlueTime Watch.app */;
			productType = "com.apple.product-type.application.watchapp2";
		};
		FD3D19431D08A09200F53BFA /* BlueTime Watch Extension */ = {
			isa = PBXNativeTarget;
			buildConfigurationList = FD3D19571D08A09200F53BFA /* Build configuration list for PBXNativeTarget "BlueTime Watch Extension" */;
			buildPhases = (
				FD3D19401D08A09200F53BFA /* Sources */,
				FD3D19411D08A09200F53BFA /* Frameworks */,
				FD3D19421D08A09200F53BFA /* Resources */,
			);
			buildRules = (
			);
			dependencies = (
			);
			name = "BlueTime Watch Extension";
			productName = "BlueTime Watch Extension";
			productReference = FD3D19441D08A09200F53BFA /* BlueTime Watch Extension.appex */;
			productType = "com.apple.product-type.watchkit2-extension";
		};
		FD9EFFAD1CFCCB6500BDBCA7 /* KITime BT */ = {
			isa = PBXNativeTarget;
			buildConfigurationList = FD9EFFC01CFCCB6500BDBCA7 /* Build configuration list for PBXNativeTarget "KITime BT" */;
			buildPhases = (
				FD9EFFAA1CFCCB6500BDBCA7 /* Sources */,
				FD9EFFAB1CFCCB6500BDBCA7 /* Frameworks */,
				FD9EFFAC1CFCCB6500BDBCA7 /* Resources */,
				FD3D195A1D08A09200F53BFA /* Embed Watch Content */,
			);
			buildRules = (
			);
			dependencies = (
				FD3D19511D08A09200F53BFA /* PBXTargetDependency */,
			);
			name = "KITime BT";
			productName = "KITime BT";
			productReference = FD9EFFAE1CFCCB6500BDBCA7 /* KITime BT.app */;
			productType = "com.apple.product-type.application";
		};
/* End PBXNativeTarget section */

/* Begin PBXProject section */
		FD9EFFA61CFCCB6500BDBCA7 /* Project object */ = {
			isa = PBXProject;
			attributes = {
				LastSwiftUpdateCheck = 0730;
				LastUpgradeCheck = 0730;
				ORGANIZATIONNAME = "Know Innovation";
				TargetAttributes = {
					FD3D19371D08A09200F53BFA = {
						CreatedOnToolsVersion = 7.3.1;
						DevelopmentTeam = 5ZTNLPRXF8;
					};
					FD3D19431D08A09200F53BFA = {
						CreatedOnToolsVersion = 7.3.1;
						DevelopmentTeam = 5ZTNLPRXF8;
					};
					FD9EFFAD1CFCCB6500BDBCA7 = {
						CreatedOnToolsVersion = 7.3.1;
						DevelopmentTeam = 5ZTNLPRXF8;
					};
				};
			};
			buildConfigurationList = FD9EFFA91CFCCB6500BDBCA7 /* Build configuration list for PBXProject "KITime BT" */;
			compatibilityVersion = "Xcode 3.2";
			developmentRegion = English;
			hasScannedForEncodings = 0;
			knownRegions = (
				en,
				Base,
			);
			mainGroup = FD9EFFA51CFCCB6500BDBCA7;
			productRefGroup = FD9EFFAF1CFCCB6500BDBCA7 /* Products */;
			projectDirPath = "";
			projectRoot = "";
			targets = (
				FD9EFFAD1CFCCB6500BDBCA7 /* KITime BT */,
				FD3D19371D08A09200F53BFA /* BlueTime Watch */,
				FD3D19431D08A09200F53BFA /* BlueTime Watch Extension */,
			);
		};
/* End PBXProject section */

/* Begin PBXResourcesBuildPhase section */
		FD3D19361D08A09200F53BFA /* Resources */ = {
			isa = PBXResourcesBuildPhase;
			buildActionMask = 2147483647;
			files = (
				FD3D193E1D08A09200F53BFA /* Assets.xcassets in Resources */,
				FD3D193C1D08A09200F53BFA /* Interface.storyboard in Resources */,
			);
			runOnlyForDeploymentPostprocessing = 0;
		};
		FD3D19421D08A09200F53BFA /* Resources */ = {
			isa = PBXResourcesBuildPhase;
			buildActionMask = 2147483647;
			files = (
				FD3D194E1D08A09200F53BFA /* Assets.xcassets in Resources */,
			);
			runOnlyForDeploymentPostprocessing = 0;
		};
		FD9EFFAC1CFCCB6500BDBCA7 /* Resources */ = {
			isa = PBXResourcesBuildPhase;
			buildActionMask = 2147483647;
			files = (
				FD9EFFBC1CFCCB6500BDBCA7 /* LaunchScreen.storyboard in Resources */,
				FD9EFFB91CFCCB6500BDBCA7 /* Assets.xcassets in Resources */,
				FD9EFFB71CFCCB6500BDBCA7 /* Main.storyboard in Resources */,
			);
			runOnlyForDeploymentPostprocessing = 0;
		};
/* End PBXResourcesBuildPhase section */

/* Begin PBXSourcesBuildPhase section */
		FD3D19401D08A09200F53BFA /* Sources */ = {
			isa = PBXSourcesBuildPhase;
			buildActionMask = 2147483647;
			files = (
				FD3D194C1D08A09200F53BFA /* ExtensionDelegate.swift in Sources */,
				FD3D194A1D08A09200F53BFA /* InterfaceController.swift in Sources */,
			);
			runOnlyForDeploymentPostprocessing = 0;
		};
		FD9EFFAA1CFCCB6500BDBCA7 /* Sources */ = {
			isa = PBXSourcesBuildPhase;
			buildActionMask = 2147483647;
			files = (
				FD9EFFC41CFCD3B100BDBCA7 /* TimerViewController.swift in Sources */,
				FD9EFFCA1CFCF8F000BDBCA7 /* TimeServiceManager.swift in Sources */,
				FD26B7CA1D09A1DA00A8CC72 /* SettingsViewController.swift in Sources */,
				FD9EFFCC1D00A24D00BDBCA7 /* TimerButton.swift in Sources */,
				FD24861A1D1083BA00583C53 /* UITimerLabel.swift in Sources */,
				FD26B7C81D09A0A200A8CC72 /* UserSettings.swift in Sources */,
				FD3D190D1D04860D00F53BFA /* TimerEnums.swift in Sources */,
				FD9EFFB21CFCCB6500BDBCA7 /* AppDelegate.swift in Sources */,
			);
			runOnlyForDeploymentPostprocessing = 0;
		};
/* End PBXSourcesBuildPhase section */

/* Begin PBXTargetDependency section */
		FD3D19471D08A09200F53BFA /* PBXTargetDependency */ = {
			isa = PBXTargetDependency;
			target = FD3D19431D08A09200F53BFA /* BlueTime Watch Extension */;
			targetProxy = FD3D19461D08A09200F53BFA /* PBXContainerItemProxy */;
		};
		FD3D19511D08A09200F53BFA /* PBXTargetDependency */ = {
			isa = PBXTargetDependency;
			target = FD3D19371D08A09200F53BFA /* BlueTime Watch */;
			targetProxy = FD3D19501D08A09200F53BFA /* PBXContainerItemProxy */;
		};
/* End PBXTargetDependency section */

/* Begin PBXVariantGroup section */
		FD3D193A1D08A09200F53BFA /* Interface.storyboard */ = {
			isa = PBXVariantGroup;
			children = (
				FD3D193B1D08A09200F53BFA /* Base */,
			);
			name = Interface.storyboard;
			sourceTree = "<group>";
		};
		FD9EFFB51CFCCB6500BDBCA7 /* Main.storyboard */ = {
			isa = PBXVariantGroup;
			children = (
				FD9EFFB61CFCCB6500BDBCA7 /* Base */,
			);
			name = Main.storyboard;
			sourceTree = "<group>";
		};
		FD9EFFBA1CFCCB6500BDBCA7 /* LaunchScreen.storyboard */ = {
			isa = PBXVariantGroup;
			children = (
				FD9EFFBB1CFCCB6500BDBCA7 /* Base */,
			);
			name = LaunchScreen.storyboard;
			sourceTree = "<group>";
		};
/* End PBXVariantGroup section */

/* Begin XCBuildConfiguration section */
		FD3D19531D08A09200F53BFA /* Debug */ = {
			isa = XCBuildConfiguration;
			buildSettings = {
				ASSETCATALOG_COMPILER_APPICON_NAME = AppIcon;
				CODE_SIGN_IDENTITY = "iPhone Developer";
				EMBEDDED_CONTENT_CONTAINS_SWIFT = YES;
				IBSC_MODULE = BlueTime_Watch_Extension;
				INFOPLIST_FILE = "BlueTime Watch/Info.plist";
				PRODUCT_BUNDLE_IDENTIFIER = "com.knowinnovation.KITime-BT.watchkitapp";
				PRODUCT_NAME = "$(TARGET_NAME)";
				SDKROOT = watchos;
				SKIP_INSTALL = YES;
				TARGETED_DEVICE_FAMILY = 4;
				WATCHOS_DEPLOYMENT_TARGET = 2.2;
			};
			name = Debug;
		};
		FD3D19541D08A09200F53BFA /* Release */ = {
			isa = XCBuildConfiguration;
			buildSettings = {
				ASSETCATALOG_COMPILER_APPICON_NAME = AppIcon;
				CODE_SIGN_IDENTITY = "iPhone Developer";
				EMBEDDED_CONTENT_CONTAINS_SWIFT = YES;
				IBSC_MODULE = BlueTime_Watch_Extension;
				INFOPLIST_FILE = "BlueTime Watch/Info.plist";
				PRODUCT_BUNDLE_IDENTIFIER = "com.knowinnovation.KITime-BT.watchkitapp";
				PRODUCT_NAME = "$(TARGET_NAME)";
				SDKROOT = watchos;
				SKIP_INSTALL = YES;
				TARGETED_DEVICE_FAMILY = 4;
				WATCHOS_DEPLOYMENT_TARGET = 2.2;
			};
			name = Release;
		};
		FD3D19551D08A09200F53BFA /* Debug */ = {
			isa = XCBuildConfiguration;
			buildSettings = {
				CODE_SIGN_IDENTITY = "iPhone Developer";
				INFOPLIST_FILE = "BlueTime Watch Extension/Info.plist";
				LD_RUNPATH_SEARCH_PATHS = "$(inherited) @executable_path/Frameworks @executable_path/../../Frameworks";
				PRODUCT_BUNDLE_IDENTIFIER = "com.knowinnovation.KITime-BT.watchkitapp.watchkitextension";
				PRODUCT_NAME = "${TARGET_NAME}";
				SDKROOT = watchos;
				SKIP_INSTALL = YES;
				TARGETED_DEVICE_FAMILY = 4;
				WATCHOS_DEPLOYMENT_TARGET = 2.2;
			};
			name = Debug;
		};
		FD3D19561D08A09200F53BFA /* Release */ = {
			isa = XCBuildConfiguration;
			buildSettings = {
				CODE_SIGN_IDENTITY = "iPhone Developer";
				INFOPLIST_FILE = "BlueTime Watch Extension/Info.plist";
				LD_RUNPATH_SEARCH_PATHS = "$(inherited) @executable_path/Frameworks @executable_path/../../Frameworks";
				PRODUCT_BUNDLE_IDENTIFIER = "com.knowinnovation.KITime-BT.watchkitapp.watchkitextension";
				PRODUCT_NAME = "${TARGET_NAME}";
				SDKROOT = watchos;
				SKIP_INSTALL = YES;
				TARGETED_DEVICE_FAMILY = 4;
				WATCHOS_DEPLOYMENT_TARGET = 2.2;
			};
			name = Release;
		};
		FD9EFFBE1CFCCB6500BDBCA7 /* Debug */ = {
			isa = XCBuildConfiguration;
			buildSettings = {
				ALWAYS_SEARCH_USER_PATHS = NO;
				CLANG_ANALYZER_NONNULL = YES;
				CLANG_CXX_LANGUAGE_STANDARD = "gnu++0x";
				CLANG_CXX_LIBRARY = "libc++";
				CLANG_ENABLE_MODULES = YES;
				CLANG_ENABLE_OBJC_ARC = YES;
				CLANG_WARN_BOOL_CONVERSION = YES;
				CLANG_WARN_CONSTANT_CONVERSION = YES;
				CLANG_WARN_DIRECT_OBJC_ISA_USAGE = YES_ERROR;
				CLANG_WARN_EMPTY_BODY = YES;
				CLANG_WARN_ENUM_CONVERSION = YES;
				CLANG_WARN_INT_CONVERSION = YES;
				CLANG_WARN_OBJC_ROOT_CLASS = YES_ERROR;
				CLANG_WARN_UNREACHABLE_CODE = YES;
				CLANG_WARN__DUPLICATE_METHOD_MATCH = YES;
				"CODE_SIGN_IDENTITY[sdk=iphoneos*]" = "iPhone Developer";
				COPY_PHASE_STRIP = NO;
				DEBUG_INFORMATION_FORMAT = dwarf;
				ENABLE_STRICT_OBJC_MSGSEND = YES;
				ENABLE_TESTABILITY = YES;
				GCC_C_LANGUAGE_STANDARD = gnu99;
				GCC_DYNAMIC_NO_PIC = NO;
				GCC_NO_COMMON_BLOCKS = YES;
				GCC_OPTIMIZATION_LEVEL = 0;
				GCC_PREPROCESSOR_DEFINITIONS = (
					"DEBUG=1",
					"$(inherited)",
				);
				GCC_WARN_64_TO_32_BIT_CONVERSION = YES;
				GCC_WARN_ABOUT_RETURN_TYPE = YES_ERROR;
				GCC_WARN_UNDECLARED_SELECTOR = YES;
				GCC_WARN_UNINITIALIZED_AUTOS = YES_AGGRESSIVE;
				GCC_WARN_UNUSED_FUNCTION = YES;
				GCC_WARN_UNUSED_VARIABLE = YES;
				IPHONEOS_DEPLOYMENT_TARGET = 9.3;
				MTL_ENABLE_DEBUG_INFO = YES;
				ONLY_ACTIVE_ARCH = YES;
				SDKROOT = iphoneos;
				SWIFT_OPTIMIZATION_LEVEL = "-Onone";
				TARGETED_DEVICE_FAMILY = "1,2";
			};
			name = Debug;
		};
		FD9EFFBF1CFCCB6500BDBCA7 /* Release */ = {
			isa = XCBuildConfiguration;
			buildSettings = {
				ALWAYS_SEARCH_USER_PATHS = NO;
				CLANG_ANALYZER_NONNULL = YES;
				CLANG_CXX_LANGUAGE_STANDARD = "gnu++0x";
				CLANG_CXX_LIBRARY = "libc++";
				CLANG_ENABLE_MODULES = YES;
				CLANG_ENABLE_OBJC_ARC = YES;
				CLANG_WARN_BOOL_CONVERSION = YES;
				CLANG_WARN_CONSTANT_CONVERSION = YES;
				CLANG_WARN_DIRECT_OBJC_ISA_USAGE = YES_ERROR;
				CLANG_WARN_EMPTY_BODY = YES;
				CLANG_WARN_ENUM_CONVERSION = YES;
				CLANG_WARN_INT_CONVERSION = YES;
				CLANG_WARN_OBJC_ROOT_CLASS = YES_ERROR;
				CLANG_WARN_UNREACHABLE_CODE = YES;
				CLANG_WARN__DUPLICATE_METHOD_MATCH = YES;
				"CODE_SIGN_IDENTITY[sdk=iphoneos*]" = "iPhone Developer";
				COPY_PHASE_STRIP = NO;
				DEBUG_INFORMATION_FORMAT = "dwarf-with-dsym";
				ENABLE_NS_ASSERTIONS = NO;
				ENABLE_STRICT_OBJC_MSGSEND = YES;
				GCC_C_LANGUAGE_STANDARD = gnu99;
				GCC_NO_COMMON_BLOCKS = YES;
				GCC_WARN_64_TO_32_BIT_CONVERSION = YES;
				GCC_WARN_ABOUT_RETURN_TYPE = YES_ERROR;
				GCC_WARN_UNDECLARED_SELECTOR = YES;
				GCC_WARN_UNINITIALIZED_AUTOS = YES_AGGRESSIVE;
				GCC_WARN_UNUSED_FUNCTION = YES;
				GCC_WARN_UNUSED_VARIABLE = YES;
				IPHONEOS_DEPLOYMENT_TARGET = 9.3;
				MTL_ENABLE_DEBUG_INFO = NO;
				SDKROOT = iphoneos;
				TARGETED_DEVICE_FAMILY = "1,2";
				VALIDATE_PRODUCT = YES;
			};
			name = Release;
		};
		FD9EFFC11CFCCB6500BDBCA7 /* Debug */ = {
			isa = XCBuildConfiguration;
			buildSettings = {
				ASSETCATALOG_COMPILER_APPICON_NAME = AppIcon;
				CODE_SIGN_IDENTITY = "iPhone Developer";
				INFOPLIST_FILE = "KITime BT/Info.plist";
				IPHONEOS_DEPLOYMENT_TARGET = 9.0;
				LD_RUNPATH_SEARCH_PATHS = "$(inherited) @executable_path/Frameworks";
				PRODUCT_BUNDLE_IDENTIFIER = "com.knowinnovation.KITime-BT";
				PRODUCT_NAME = "$(TARGET_NAME)";
			};
			name = Debug;
		};
		FD9EFFC21CFCCB6500BDBCA7 /* Release */ = {
			isa = XCBuildConfiguration;
			buildSettings = {
				ASSETCATALOG_COMPILER_APPICON_NAME = AppIcon;
				CODE_SIGN_IDENTITY = "iPhone Developer";
				INFOPLIST_FILE = "KITime BT/Info.plist";
				IPHONEOS_DEPLOYMENT_TARGET = 9.0;
				LD_RUNPATH_SEARCH_PATHS = "$(inherited) @executable_path/Frameworks";
				PRODUCT_BUNDLE_IDENTIFIER = "com.knowinnovation.KITime-BT";
				PRODUCT_NAME = "$(TARGET_NAME)";
			};
			name = Release;
		};
/* End XCBuildConfiguration section */

/* Begin XCConfigurationList section */
		FD3D19571D08A09200F53BFA /* Build configuration list for PBXNativeTarget "BlueTime Watch Extension" */ = {
			isa = XCConfigurationList;
			buildConfigurations = (
				FD3D19551D08A09200F53BFA /* Debug */,
				FD3D19561D08A09200F53BFA /* Release */,
			);
			defaultConfigurationIsVisible = 0;
			defaultConfigurationName = Release;
		};
		FD3D19591D08A09200F53BFA /* Build configuration list for PBXNativeTarget "BlueTime Watch" */ = {
			isa = XCConfigurationList;
			buildConfigurations = (
				FD3D19531D08A09200F53BFA /* Debug */,
				FD3D19541D08A09200F53BFA /* Release */,
			);
			defaultConfigurationIsVisible = 0;
			defaultConfigurationName = Release;
		};
		FD9EFFA91CFCCB6500BDBCA7 /* Build configuration list for PBXProject "KITime BT" */ = {
			isa = XCConfigurationList;
			buildConfigurations = (
				FD9EFFBE1CFCCB6500BDBCA7 /* Debug */,
				FD9EFFBF1CFCCB6500BDBCA7 /* Release */,
			);
			defaultConfigurationIsVisible = 0;
			defaultConfigurationName = Release;
		};
		FD9EFFC01CFCCB6500BDBCA7 /* Build configuration list for PBXNativeTarget "KITime BT" */ = {
			isa = XCConfigurationList;
			buildConfigurations = (
				FD9EFFC11CFCCB6500BDBCA7 /* Debug */,
				FD9EFFC21CFCCB6500BDBCA7 /* Release */,
			);
			defaultConfigurationIsVisible = 0;
			defaultConfigurationName = Release;
		};
/* End XCConfigurationList section */
	};
	rootObject = FD9EFFA61CFCCB6500BDBCA7 /* Project object */;
}
